{
  "name": "@cpelements/rh-account-dropdown",
  "version": "1.0.54",
  "lockfileVersion": 1,
  "requires": true,
  "dependencies": {
    "@cpelements/pfe-navigation": {
      "version": "1.0.58",
      "resolved": "https://registry.npmjs.org/@cpelements/pfe-navigation/-/pfe-navigation-1.0.58.tgz",
      "integrity": "sha512-oe2QS/9x3aedkNwv7GuDN8bzyDoHuz2AB00IGSB409iH2XBLnHmMH3VMCkWeS+tU/6q5dH59KKAmfM8zob8BAg==",
      "dev": true,
      "requires": {
        "@patternfly/pfe-avatar": "1.9.2",
        "@patternfly/pfe-icon": "1.9.2",
        "@patternfly/pfelement": "1.9.2"
      },
      "dependencies": {
        "@patternfly/pfe-icon": {
          "version": "1.9.2",
          "resolved": "https://registry.npmjs.org/@patternfly/pfe-icon/-/pfe-icon-1.9.2.tgz",
          "integrity": "sha512-nDVb9wFO60iJmHRlmKrjTc+fKtvGGxulZCWfgHnYAJq/dTMGQgN7U1onqkx/ZsV6S2ogfqfdZ3BKa8VrVR25WQ==",
          "dev": true,
          "requires": {
            "@patternfly/pfelement": "^1.9.2"
          }
        },
        "@patternfly/pfelement": {
          "version": "1.9.2",
          "resolved": "https://registry.npmjs.org/@patternfly/pfelement/-/pfelement-1.9.2.tgz",
          "integrity": "sha512-xKNeg7HftxhjZq6+R5BsVyr/63jjsuzrP1YBZplG0ifQDPwS/Sv1IMqtefSLaxr4eO1ObTadApj6EGcQgoydQA==",
          "dev": true
        }
      }
    },
    "@patternfly/pfe-avatar": {
      "version": "1.9.2",
      "resolved": "https://registry.npmjs.org/@patternfly/pfe-avatar/-/pfe-avatar-1.9.2.tgz",
      "integrity": "sha512-7B5ED7jhpTd2CLvLUL0s5oOEzDIGfgpouqP69xnL9yYZHHSCARR1rGZAAeElIpLAZoPRFTK/sl5T5RAvQM/aUg==",
      "dev": true,
      "requires": {
        "@patternfly/pfelement": "^1.9.2"
      },
      "dependencies": {
        "@patternfly/pfelement": {
          "version": "1.9.3",
          "resolved": "https://registry.npmjs.org/@patternfly/pfelement/-/pfelement-1.9.3.tgz",
          "integrity": "sha512-+WPnkvWjBmOMybN/baa0kWt0S4hZcXwEnoHGIcWmm6P+bJ1YtHqlpvi7C5ZX+nhnZOibnCgkj781jiSloNPVSw==",
          "dev": true
        }
      }
    },
    "@patternfly/pfelement": {
      "version": "1.3.0",
      "resolved": "https://registry.npmjs.org/@patternfly/pfelement/-/pfelement-1.3.0.tgz",
      "integrity": "sha512-aoI4Dq7vwOxYIxxU3ib9gNQuuktwykK6AUG221r+znNY54a7i654JUXCSY/vneHLASbmzALRU/aVL0MxTZp0iw==",
      "dev": true
    }
  }
}
